{
  "requires": true,
  "lockfileVersion": 1,
  "dependencies": {
    "uview-ui": {
      "version": "2.0.15",
      "resolved": "https://registry.npmjs.org/uview-ui/-/uview-ui-2.0.15.tgz",
      "integrity": "sha512-sLpa1llrseaKsNmzjsNDFntlT5OkvBy3j1Loc/y5okUW6ICG5Xun95pTra/17RsT17Z4TbBB1w1IQKEMAIcftQ=="
    }
  }
}
